
Microsoft Visual Studio Solution File, Format Version 12.00
# Visual Studio Version 16
VisualStudioVersion = 16.0.29230.47
MinimumVisualStudioVersion = 10.0.40219.1
Project("{FAE04EC0-301F-11D3-BF4B-00C04F79EFBC}") = "createsend-dotnet.standard20", "createsend-dotnet\createsend-dotnet.standard20.csproj", "{90557731-4DEE-4B34-89FB-1F76EE0F92B0}"
EndProject
Global
	GlobalSection(SolutionConfigurationPlatforms) = preSolution
		Debug|Any CPU = Debug|Any CPU
		Release|Any CPU = Release|Any CPU
	EndGlobalSection
	GlobalSection(ProjectConfigurationPlatforms) = postSolution
		{90557731-4DEE-4B34-89FB-1F76EE0F92B0}.Debug|Any CPU.ActiveCfg = Debug|Any CPU
		{90557731-4DEE-4B34-89FB-1F76EE0F92B0}.Debug|Any CPU.Build.0 = Debug|Any CPU
		{90557731-4DEE-4B34-89FB-1F76EE0F92B0}.Release|Any CPU.ActiveCfg = Release|Any CPU
		{90557731-4DEE-4B34-89FB-1F76EE0F92B0}.Release|Any CPU.Build.0 = Release|Any CPU
	EndGlobalSection
	GlobalSection(SolutionProperties) = preSolution
		HideSolutionNode = FALSE
	EndGlobalSection
	GlobalSection(ExtensibilityGlobals) = postSolution
		SolutionGuid = {8303FB32-BB9F-4BE0-B0B7-65C10FFED4AC}
	EndGlobalSection
EndGlobal
