
Microsoft Visual Studio Solution File, Format Version 12.00
# Visual Studio 2013
VisualStudioVersion = 12.0.40629.0
MinimumVisualStudioVersion = 10.0.40219.1
Project("{FAE04EC0-301F-11D3-BF4B-00C04F79EFBC}") = "createsend-dotnet.net20", "createsend-dotnet\createsend-dotnet.net20.csproj", "{A498EB72-A24F-4CF3-85DE-3E4EE62DF56F}"
EndProject
Project("{FAE04EC0-301F-11D3-BF4B-00C04F79EFBC}") = "Samples.net20", "Samples\Samples.net20.csproj", "{AAFD18A5-FAF4-4C3A-BF7F-6E38B8F9EFAA}"
EndProject
Global
	GlobalSection(SolutionConfigurationPlatforms) = preSolution
		Debug|Any CPU = Debug|Any CPU
		Release|Any CPU = Release|Any CPU
	EndGlobalSection
	GlobalSection(ProjectConfigurationPlatforms) = postSolution
		{A498EB72-A24F-4CF3-85DE-3E4EE62DF56F}.Debug|Any CPU.ActiveCfg = Debug|Any CPU
		{A498EB72-A24F-4CF3-85DE-3E4EE62DF56F}.Debug|Any CPU.Build.0 = Debug|Any CPU
		{A498EB72-A24F-4CF3-85DE-3E4EE62DF56F}.Release|Any CPU.ActiveCfg = Release|Any CPU
		{A498EB72-A24F-4CF3-85DE-3E4EE62DF56F}.Release|Any CPU.Build.0 = Release|Any CPU
		{AAFD18A5-FAF4-4C3A-BF7F-6E38B8F9EFAA}.Debug|Any CPU.ActiveCfg = Debug|Any CPU
		{AAFD18A5-FAF4-4C3A-BF7F-6E38B8F9EFAA}.Debug|Any CPU.Build.0 = Debug|Any CPU
		{AAFD18A5-FAF4-4C3A-BF7F-6E38B8F9EFAA}.Release|Any CPU.ActiveCfg = Release|Any CPU
		{AAFD18A5-FAF4-4C3A-BF7F-6E38B8F9EFAA}.Release|Any CPU.Build.0 = Release|Any CPU
	EndGlobalSection
	GlobalSection(SolutionProperties) = preSolution
		HideSolutionNode = FALSE
	EndGlobalSection
EndGlobal
